
Microsoft Visual Studio Solution File, Format Version 12.00
# Visual Studio Version 17
VisualStudioVersion = 17.14.36327.8 d17.14
MinimumVisualStudioVersion = 10.0.40219.1
Project("{FAE04EC0-301F-11D3-BF4B-00C04F79EFBC}") = "Demo", "Demo\Demo.csproj", "{06BF7E84-8FAC-4867-867A-C8114676AC2B}"
EndProject
Global
	GlobalSection(SolutionConfigurationPlatforms) = preSolution
		Debug|Any CPU = Debug|Any CPU
		Release|Any CPU = Release|Any CPU
	EndGlobalSection
	GlobalSection(ProjectConfigurationPlatforms) = postSolution
		{06BF7E84-8FAC-4867-867A-C8114676AC2B}.Debug|Any CPU.ActiveCfg = Debug|Any CPU
		{06BF7E84-8FAC-4867-867A-C8114676AC2B}.Debug|Any CPU.Build.0 = Debug|Any CPU
		{06BF7E84-8FAC-4867-867A-C8114676AC2B}.Release|Any CPU.ActiveCfg = Release|Any CPU
		{06BF7E84-8FAC-4867-867A-C8114676AC2B}.Release|Any CPU.Build.0 = Release|Any CPU
	EndGlobalSection
	GlobalSection(SolutionProperties) = preSolution
		HideSolutionNode = FALSE
	EndGlobalSection
	GlobalSection(ExtensibilityGlobals) = postSolution
		SolutionGuid = {150B4B23-29ED-47F2-913C-65C0EE07D4C3}
	EndGlobalSection
EndGlobal
